{
  "name": "todolist_vanilaJS",
  "lockfileVersion": 3,
  "requires": true,
  "packages": {
    "": {
      "dependencies": {
        "flatpickr": "^4.6.13"
      },
      "devDependencies": {
        "vanillajs-datepicker": "^1.3.4"
      }
    },
    "node_modules/flatpickr": {
      "version": "4.6.13",
      "resolved": "https://registry.npmjs.org/flatpickr/-/flatpickr-4.6.13.tgz",
      "integrity": "sha512-97PMG/aywoYpB4IvbvUJi0RQi8vearvU0oov1WW3k0WZPBMrTQVqekSX5CjSG/M4Q3i6A/0FKXC7RyAoAUUSPw=="
    },
    "node_modules/vanillajs-datepicker": {
      "version": "1.3.4",
      "resolved": "https://registry.npmjs.org/vanillajs-datepicker/-/vanillajs-datepicker-1.3.4.tgz",
      "integrity": "sha512-waOyp2Ay+K1VA/B5cNlFgSNzFR9efCVKaoyMyNEAhAwmKLzMB9nCJs6Vqmo6HuHWA98VEHXbgz5thZ7hH/uohA==",
      "dev": true
    }
  }
}
